
Microsoft Visual Studio Solution File, Format Version 12.00
# Visual Studio 15
Project("{FAE04EC0-301F-11D3-BF4B-00C04F79EFBC}") = "Assembly-CSharp", "Assembly-CSharp.csproj", "{77B1A58D-F80A-FDC2-E864-9AC5E9A0A5BF}"
EndProject
Project("{FAE04EC0-301F-11D3-BF4B-00C04F79EFBC}") = "NavMeshComponents", "NavMeshComponents.csproj", "{9591B7A8-6886-249C-8B38-FC79E7538343}"
EndProject
Project("{FAE04EC0-301F-11D3-BF4B-00C04F79EFBC}") = "NavMeshComponentsEditor", "NavMeshComponentsEditor.csproj", "{9EDD4DDD-B4E5-2907-5895-02C594B9F2F0}"
EndProject
Global
	GlobalSection(SolutionConfigurationPlatforms) = preSolution
		Debug|Any CPU = Debug|Any CPU
		Release|Any CPU = Release|Any CPU
	EndGlobalSection
	GlobalSection(ProjectConfigurationPlatforms) = postSolution
		{77B1A58D-F80A-FDC2-E864-9AC5E9A0A5BF}.Debug|Any CPU.ActiveCfg = Debug|Any CPU
		{77B1A58D-F80A-FDC2-E864-9AC5E9A0A5BF}.Debug|Any CPU.Build.0 = Debug|Any CPU
		{77B1A58D-F80A-FDC2-E864-9AC5E9A0A5BF}.Release|Any CPU.ActiveCfg = Release|Any CPU
		{77B1A58D-F80A-FDC2-E864-9AC5E9A0A5BF}.Release|Any CPU.Build.0 = Release|Any CPU
		{9591B7A8-6886-249C-8B38-FC79E7538343}.Debug|Any CPU.ActiveCfg = Debug|Any CPU
		{9591B7A8-6886-249C-8B38-FC79E7538343}.Debug|Any CPU.Build.0 = Debug|Any CPU
		{9591B7A8-6886-249C-8B38-FC79E7538343}.Release|Any CPU.ActiveCfg = Release|Any CPU
		{9591B7A8-6886-249C-8B38-FC79E7538343}.Release|Any CPU.Build.0 = Release|Any CPU
		{9EDD4DDD-B4E5-2907-5895-02C594B9F2F0}.Debug|Any CPU.ActiveCfg = Debug|Any CPU
		{9EDD4DDD-B4E5-2907-5895-02C594B9F2F0}.Debug|Any CPU.Build.0 = Debug|Any CPU
		{9EDD4DDD-B4E5-2907-5895-02C594B9F2F0}.Release|Any CPU.ActiveCfg = Release|Any CPU
		{9EDD4DDD-B4E5-2907-5895-02C594B9F2F0}.Release|Any CPU.Build.0 = Release|Any CPU
	EndGlobalSection
	GlobalSection(SolutionProperties) = preSolution
		HideSolutionNode = FALSE
	EndGlobalSection
EndGlobal
